
Microsoft Visual Studio Solution File, Format Version 12.00
# Visual Studio Version 17
VisualStudioVersion = 17.4.33205.214
MinimumVisualStudioVersion = 10.0.40219.1
Project("{FAE04EC0-301F-11D3-BF4B-00C04F79EFBC}") = "PI_Prvi_Zadatak", "PI_Prvi_Zadatak.csproj", "{3E6605E7-3F88-4D92-A81D-3C4552C8ADA6}"
EndProject
Global
	GlobalSection(SolutionConfigurationPlatforms) = preSolution
		Debug|Any CPU = Debug|Any CPU
		Release|Any CPU = Release|Any CPU
	EndGlobalSection
	GlobalSection(ProjectConfigurationPlatforms) = postSolution
		{3E6605E7-3F88-4D92-A81D-3C4552C8ADA6}.Debug|Any CPU.ActiveCfg = Debug|Any CPU
		{3E6605E7-3F88-4D92-A81D-3C4552C8ADA6}.Debug|Any CPU.Build.0 = Debug|Any CPU
		{3E6605E7-3F88-4D92-A81D-3C4552C8ADA6}.Release|Any CPU.ActiveCfg = Release|Any CPU
		{3E6605E7-3F88-4D92-A81D-3C4552C8ADA6}.Release|Any CPU.Build.0 = Release|Any CPU
	EndGlobalSection
	GlobalSection(SolutionProperties) = preSolution
		HideSolutionNode = FALSE
	EndGlobalSection
	GlobalSection(ExtensibilityGlobals) = postSolution
		SolutionGuid = {DE56A360-C1C7-44E2-84D1-7144E1F24FB9}
	EndGlobalSection
EndGlobal
